PODS:
  - Batch (1.5.3)
  - Kingfisher (2.4.1)
  - SVProgressHUD (2.0.3)

DEPENDENCIES:
  - Batch (~> 1.5)
  - Kingfisher (~> 2.4)
  - SVProgressHUD (from `https://github.com/SVProgressHUD/SVProgressHUD.git`)

EXTERNAL SOURCES:
  SVProgressHUD:
    :git: https://github.com/SVProgressHUD/SVProgressHUD.git

CHECKOUT OPTIONS:
  SVProgressHUD:
    :commit: c406f0ac1929b21ab444608eb4ab27035bb57a21
    :git: https://github.com/SVProgressHUD/SVProgressHUD.git

SPEC CHECKSUMS:
  Batch: e8b878faad90083e572812d725da0e6e536490a7
  Kingfisher: 41aed5b6c1ed8fa98cf6d75283ce89cf7890f517
  SVProgressHUD: b0830714205bea1317ea1a2ebc71e5633af334d4

PODFILE CHECKSUM: fc0dedc4c391e01a570f88547df6acfa45fc8455

COCOAPODS: 1.0.0
