PODS:
  - Alamofire (3.3.1)
  - Kingfisher (2.2.2)
  - SVProgressHUD (2.0.3)
  - SwiftyJSON (2.3.2)

DEPENDENCIES:
  - Alamofire (~> 3.3)
  - Kingfisher (~> 2.2)
  - SVProgressHUD (from `https://github.com/SVProgressHUD/SVProgressHUD.git`)
  - SwiftyJSON (from `https://github.com/SwiftyJSON/SwiftyJSON.git`)

EXTERNAL SOURCES:
  SVProgressHUD:
    :git: https://github.com/SVProgressHUD/SVProgressHUD.git
  SwiftyJSON:
    :git: https://github.com/SwiftyJSON/SwiftyJSON.git

CHECKOUT OPTIONS:
  SVProgressHUD:
    :commit: c406f0ac1929b21ab444608eb4ab27035bb57a21
    :git: https://github.com/SVProgressHUD/SVProgressHUD.git
  SwiftyJSON:
    :commit: 2a5b70f06001316d4fb54501edc70b4084705da0
    :git: https://github.com/SwiftyJSON/SwiftyJSON.git

SPEC CHECKSUMS:
  Alamofire: 369bc67b6f5ac33ded3648d7bd21c5bfb91c2ecc
  Kingfisher: 7e8de5b0cf7b5dc8ec559d193029a0859df93ef1
  SVProgressHUD: b0830714205bea1317ea1a2ebc71e5633af334d4
  SwiftyJSON: 04ccea08915aa0109039157c7974cf0298da292a

PODFILE CHECKSUM: 6a30565b8f3f0f701ff17cf405d2c3516c561ee3

COCOAPODS: 1.0.0.beta.8
