// !$*UTF8*$!
{
	archiveVersion = 1;
	classes = {
	};
	objectVersion = 46;
	objects = {

/* Begin PBXBuildFile section */
		150926111CCB6EFC00243434 /* LoginViewController.swift in Sources */ = {isa = PBXBuildFile; fileRef = 150926101CCB6EFC00243434 /* LoginViewController.swift */; };
		150926151CCB7BE100243434 /* FBSDKCoreKit.framework in Frameworks */ = {isa = PBXBuildFile; fileRef = 150926121CCB7BE100243434 /* FBSDKCoreKit.framework */; };
		150926161CCB7BE100243434 /* FBSDKLoginKit.framework in Frameworks */ = {isa = PBXBuildFile; fileRef = 150926131CCB7BE100243434 /* FBSDKLoginKit.framework */; };
		150926171CCB7BE100243434 /* FBSDKShareKit.framework in Frameworks */ = {isa = PBXBuildFile; fileRef = 150926141CCB7BE100243434 /* FBSDKShareKit.framework */; };
		150926191CCB885000243434 /* MaterialView.swift in Sources */ = {isa = PBXBuildFile; fileRef = 150926181CCB885000243434 /* MaterialView.swift */; };
		1509261B1CCB88DC00243434 /* Constants.swift in Sources */ = {isa = PBXBuildFile; fileRef = 1509261A1CCB88DC00243434 /* Constants.swift */; };
		1509261D1CCB8EB900243434 /* MaterialButton.swift in Sources */ = {isa = PBXBuildFile; fileRef = 1509261C1CCB8EB900243434 /* MaterialButton.swift */; };
		1509261F1CCB978000243434 /* MaterialTextField.swift in Sources */ = {isa = PBXBuildFile; fileRef = 1509261E1CCB978000243434 /* MaterialTextField.swift */; };
		1541A4B41D1FE57A00C5F401 /* Post.swift in Sources */ = {isa = PBXBuildFile; fileRef = 1541A4B31D1FE57A00C5F401 /* Post.swift */; };
		1541A4B61D295DC500C5F401 /* AdminVC.swift in Sources */ = {isa = PBXBuildFile; fileRef = 1541A4B51D295DC500C5F401 /* AdminVC.swift */; };
		1541A4B81D2969B000C5F401 /* GoogleService-Info.plist in Resources */ = {isa = PBXBuildFile; fileRef = 1541A4B71D2969B000C5F401 /* GoogleService-Info.plist */; };
		154FFCC11CE5EE49004A50B4 /* MyCell.swift in Sources */ = {isa = PBXBuildFile; fileRef = 154FFCBF1CE5EE49004A50B4 /* MyCell.swift */; };
		154FFCC21CE5EE49004A50B4 /* MyCell.xib in Resources */ = {isa = PBXBuildFile; fileRef = 154FFCC01CE5EE49004A50B4 /* MyCell.xib */; };
		1581A40A1D0D6EE40015B63D /* DetailsAnuntViewController.swift in Sources */ = {isa = PBXBuildFile; fileRef = 1581A4091D0D6EE40015B63D /* DetailsAnuntViewController.swift */; };
		1586D1A51CF31ED20090DD44 /* AnunturiVC.swift in Sources */ = {isa = PBXBuildFile; fileRef = 1586D1A41CF31ED20090DD44 /* AnunturiVC.swift */; };
		1587E3E81CE6295600E8D355 /* PopoverVC.swift in Sources */ = {isa = PBXBuildFile; fileRef = 1587E3E71CE6295600E8D355 /* PopoverVC.swift */; };
		159F280C1D452A2D00C9C19C /* Colors.swift in Sources */ = {isa = PBXBuildFile; fileRef = 159F280B1D452A2D00C9C19C /* Colors.swift */; };
		15A4354F1D1FBB2B00E378AD /* Kingfisher.framework in Frameworks */ = {isa = PBXBuildFile; fileRef = 15A4354E1D1FBB2B00E378AD /* Kingfisher.framework */; };
		15CAD8441CC8C8B900F84D66 /* DetailsViewController.swift in Sources */ = {isa = PBXBuildFile; fileRef = 15CAD8431CC8C8B900F84D66 /* DetailsViewController.swift */; };
		15EEB8C71CA80F0D006FB78C /* AppDelegate.swift in Sources */ = {isa = PBXBuildFile; fileRef = 15EEB8C61CA80F0D006FB78C /* AppDelegate.swift */; };
		15EEB8C91CA80F0D006FB78C /* ViewController.swift in Sources */ = {isa = PBXBuildFile; fileRef = 15EEB8C81CA80F0D006FB78C /* ViewController.swift */; };
		15EEB8CC1CA80F0D006FB78C /* Main.storyboard in Resources */ = {isa = PBXBuildFile; fileRef = 15EEB8CA1CA80F0D006FB78C /* Main.storyboard */; };
		15EEB8CE1CA80F0D006FB78C /* Assets.xcassets in Resources */ = {isa = PBXBuildFile; fileRef = 15EEB8CD1CA80F0D006FB78C /* Assets.xcassets */; };
		15EEB8D11CA80F0D006FB78C /* LaunchScreen.storyboard in Resources */ = {isa = PBXBuildFile; fileRef = 15EEB8CF1CA80F0D006FB78C /* LaunchScreen.storyboard */; };
		15EEB8DC1CA80F0D006FB78C /* SaptamanalulTests.swift in Sources */ = {isa = PBXBuildFile; fileRef = 15EEB8DB1CA80F0D006FB78C /* SaptamanalulTests.swift */; };
		15EEB8E71CA80F0D006FB78C /* SaptamanalulUITests.swift in Sources */ = {isa = PBXBuildFile; fileRef = 15EEB8E61CA80F0D006FB78C /* SaptamanalulUITests.swift */; };
		15FC564C1D1857E300040D25 /* Anunt.swift in Sources */ = {isa = PBXBuildFile; fileRef = 15FC564B1D1857E300040D25 /* Anunt.swift */; };
		8CA3259C3559F3372A15CD79 /* Pods_Saptamanalul.framework in Frameworks */ = {isa = PBXBuildFile; fileRef = E4A2E9DC5B23C000844199BB /* Pods_Saptamanalul.framework */; };
/* End PBXBuildFile section */

/* Begin PBXContainerItemProxy section */
		15EEB8D81CA80F0D006FB78C /* PBXContainerItemProxy */ = {
			isa = PBXContainerItemProxy;
			containerPortal = 15EEB8BB1CA80F0D006FB78C /* Project object */;
			proxyType = 1;
			remoteGlobalIDString = 15EEB8C21CA80F0D006FB78C;
			remoteInfo = Saptamanalul;
		};
		15EEB8E31CA80F0D006FB78C /* PBXContainerItemProxy */ = {
			isa = PBXContainerItemProxy;
			containerPortal = 15EEB8BB1CA80F0D006FB78C /* Project object */;
			proxyType = 1;
			remoteGlobalIDString = 15EEB8C21CA80F0D006FB78C;
			remoteInfo = Saptamanalul;
		};
/* End PBXContainerItemProxy section */

/* Begin PBXFileReference section */
		150926101CCB6EFC00243434 /* LoginViewController.swift */ = {isa = PBXFileReference; fileEncoding = 4; lastKnownFileType = sourcecode.swift; path = LoginViewController.swift; sourceTree = "<group>"; };
		150926121CCB7BE100243434 /* FBSDKCoreKit.framework */ = {isa = PBXFileReference; lastKnownFileType = wrapper.framework; path = FBSDKCoreKit.framework; sourceTree = "<group>"; };
		150926131CCB7BE100243434 /* FBSDKLoginKit.framework */ = {isa = PBXFileReference; lastKnownFileType = wrapper.framework; path = FBSDKLoginKit.framework; sourceTree = "<group>"; };
		150926141CCB7BE100243434 /* FBSDKShareKit.framework */ = {isa = PBXFileReference; lastKnownFileType = wrapper.framework; path = FBSDKShareKit.framework; sourceTree = "<group>"; };
		150926181CCB885000243434 /* MaterialView.swift */ = {isa = PBXFileReference; fileEncoding = 4; lastKnownFileType = sourcecode.swift; path = MaterialView.swift; sourceTree = "<group>"; };
		1509261A1CCB88DC00243434 /* Constants.swift */ = {isa = PBXFileReference; fileEncoding = 4; lastKnownFileType = sourcecode.swift; path = Constants.swift; sourceTree = "<group>"; };
		1509261C1CCB8EB900243434 /* MaterialButton.swift */ = {isa = PBXFileReference; fileEncoding = 4; lastKnownFileType = sourcecode.swift; path = MaterialButton.swift; sourceTree = "<group>"; };
		1509261E1CCB978000243434 /* MaterialTextField.swift */ = {isa = PBXFileReference; fileEncoding = 4; lastKnownFileType = sourcecode.swift; path = MaterialTextField.swift; sourceTree = "<group>"; };
		1541A4B31D1FE57A00C5F401 /* Post.swift */ = {isa = PBXFileReference; fileEncoding = 4; lastKnownFileType = sourcecode.swift; path = Post.swift; sourceTree = "<group>"; };
		1541A4B51D295DC500C5F401 /* AdminVC.swift */ = {isa = PBXFileReference; fileEncoding = 4; lastKnownFileType = sourcecode.swift; path = AdminVC.swift; sourceTree = "<group>"; };
		1541A4B71D2969B000C5F401 /* GoogleService-Info.plist */ = {isa = PBXFileReference; fileEncoding = 4; lastKnownFileType = text.plist.xml; path = "GoogleService-Info.plist"; sourceTree = "<group>"; };
		154FFCBF1CE5EE49004A50B4 /* MyCell.swift */ = {isa = PBXFileReference; fileEncoding = 4; lastKnownFileType = sourcecode.swift; path = MyCell.swift; sourceTree = "<group>"; };
		154FFCC01CE5EE49004A50B4 /* MyCell.xib */ = {isa = PBXFileReference; fileEncoding = 4; lastKnownFileType = file.xib; path = MyCell.xib; sourceTree = "<group>"; };
		1581A4091D0D6EE40015B63D /* DetailsAnuntViewController.swift */ = {isa = PBXFileReference; fileEncoding = 4; lastKnownFileType = sourcecode.swift; path = DetailsAnuntViewController.swift; sourceTree = "<group>"; };
		1586D1A41CF31ED20090DD44 /* AnunturiVC.swift */ = {isa = PBXFileReference; fileEncoding = 4; lastKnownFileType = sourcecode.swift; path = AnunturiVC.swift; sourceTree = "<group>"; };
		1587E3E71CE6295600E8D355 /* PopoverVC.swift */ = {isa = PBXFileReference; fileEncoding = 4; lastKnownFileType = sourcecode.swift; path = PopoverVC.swift; sourceTree = "<group>"; };
		159F280B1D452A2D00C9C19C /* Colors.swift */ = {isa = PBXFileReference; fileEncoding = 4; lastKnownFileType = sourcecode.swift; path = Colors.swift; sourceTree = "<group>"; };
		15A4354E1D1FBB2B00E378AD /* Kingfisher.framework */ = {isa = PBXFileReference; lastKnownFileType = wrapper.framework; name = Kingfisher.framework; path = "../../Library/Developer/Xcode/DerivedData/Saptamanalul-hbdevngxamnxzlegxdhyifwicbrd/Build/Products/Debug-iphoneos/Kingfisher/Kingfisher.framework"; sourceTree = "<group>"; };
		15CAD8431CC8C8B900F84D66 /* DetailsViewController.swift */ = {isa = PBXFileReference; fileEncoding = 4; lastKnownFileType = sourcecode.swift; path = DetailsViewController.swift; sourceTree = "<group>"; };
		15CF155F1CEF61CC00511C69 /* Saptamanalul.entitlements */ = {isa = PBXFileReference; lastKnownFileType = text.xml; path = Saptamanalul.entitlements; sourceTree = "<group>"; };
		15EEB8C31CA80F0D006FB78C /* Saptamanalul.app */ = {isa = PBXFileReference; explicitFileType = wrapper.application; includeInIndex = 0; path = Saptamanalul.app; sourceTree = BUILT_PRODUCTS_DIR; };
		15EEB8C61CA80F0D006FB78C /* AppDelegate.swift */ = {isa = PBXFileReference; lastKnownFileType = sourcecode.swift; path = AppDelegate.swift; sourceTree = "<group>"; };
		15EEB8C81CA80F0D006FB78C /* ViewController.swift */ = {isa = PBXFileReference; lastKnownFileType = sourcecode.swift; path = ViewController.swift; sourceTree = "<group>"; };
		15EEB8CB1CA80F0D006FB78C /* Base */ = {isa = PBXFileReference; lastKnownFileType = file.storyboard; name = Base; path = Base.lproj/Main.storyboard; sourceTree = "<group>"; };
		15EEB8CD1CA80F0D006FB78C /* Assets.xcassets */ = {isa = PBXFileReference; lastKnownFileType = folder.assetcatalog; path = Assets.xcassets; sourceTree = "<group>"; };
		15EEB8D01CA80F0D006FB78C /* Base */ = {isa = PBXFileReference; lastKnownFileType = file.storyboard; name = Base; path = Base.lproj/LaunchScreen.storyboard; sourceTree = "<group>"; };
		15EEB8D21CA80F0D006FB78C /* Info.plist */ = {isa = PBXFileReference; lastKnownFileType = text.plist.xml; path = Info.plist; sourceTree = "<group>"; };
		15EEB8D71CA80F0D006FB78C /* SaptamanalulTests.xctest */ = {isa = PBXFileReference; explicitFileType = wrapper.cfbundle; includeInIndex = 0; path = SaptamanalulTests.xctest; sourceTree = BUILT_PRODUCTS_DIR; };
		15EEB8DB1CA80F0D006FB78C /* SaptamanalulTests.swift */ = {isa = PBXFileReference; lastKnownFileType = sourcecode.swift; path = SaptamanalulTests.swift; sourceTree = "<group>"; };
		15EEB8DD1CA80F0D006FB78C /* Info.plist */ = {isa = PBXFileReference; lastKnownFileType = text.plist.xml; path = Info.plist; sourceTree = "<group>"; };
		15EEB8E21CA80F0D006FB78C /* SaptamanalulUITests.xctest */ = {isa = PBXFileReference; explicitFileType = wrapper.cfbundle; includeInIndex = 0; path = SaptamanalulUITests.xctest; sourceTree = BUILT_PRODUCTS_DIR; };
		15EEB8E61CA80F0D006FB78C /* SaptamanalulUITests.swift */ = {isa = PBXFileReference; lastKnownFileType = sourcecode.swift; path = SaptamanalulUITests.swift; sourceTree = "<group>"; };
		15EEB8E81CA80F0D006FB78C /* Info.plist */ = {isa = PBXFileReference; lastKnownFileType = text.plist.xml; path = Info.plist; sourceTree = "<group>"; };
		15FC564B1D1857E300040D25 /* Anunt.swift */ = {isa = PBXFileReference; fileEncoding = 4; lastKnownFileType = sourcecode.swift; path = Anunt.swift; sourceTree = "<group>"; };
		18BBAFB55C430EC42B5F5F7F /* Pods-Saptamanalul.release.xcconfig */ = {isa = PBXFileReference; includeInIndex = 1; lastKnownFileType = text.xcconfig; name = "Pods-Saptamanalul.release.xcconfig"; path = "Pods/Target Support Files/Pods-Saptamanalul/Pods-Saptamanalul.release.xcconfig"; sourceTree = "<group>"; };
		565BD93C8A7411F6622865E4 /* Pods-Saptamanalul.debug.xcconfig */ = {isa = PBXFileReference; includeInIndex = 1; lastKnownFileType = text.xcconfig; name = "Pods-Saptamanalul.debug.xcconfig"; path = "Pods/Target Support Files/Pods-Saptamanalul/Pods-Saptamanalul.debug.xcconfig"; sourceTree = "<group>"; };
		A77673BA6CD631D8D67766CD /* Pods_SaptamanalulUITests.framework */ = {isa = PBXFileReference; explicitFileType = wrapper.framework; includeInIndex = 0; path = Pods_SaptamanalulUITests.framework; sourceTree = BUILT_PRODUCTS_DIR; };
		E4A2E9DC5B23C000844199BB /* Pods_Saptamanalul.framework */ = {isa = PBXFileReference; explicitFileType = wrapper.framework; includeInIndex = 0; path = Pods_Saptamanalul.framework; sourceTree = BUILT_PRODUCTS_DIR; };
		F97D5F4EE22600F64D402508 /* Pods_SaptamanalulTests.framework */ = {isa = PBXFileReference; explicitFileType = wrapper.framework; includeInIndex = 0; path = Pods_SaptamanalulTests.framework; sourceTree = BUILT_PRODUCTS_DIR; };
/* End PBXFileReference section */

/* Begin PBXFrameworksBuildPhase section */
		15EEB8C01CA80F0D006FB78C /* Frameworks */ = {
			isa = PBXFrameworksBuildPhase;
			buildActionMask = 2147483647;
			files = (
				150926171CCB7BE100243434 /* FBSDKShareKit.framework in Frameworks */,
				8CA3259C3559F3372A15CD79 /* Pods_Saptamanalul.framework in Frameworks */,
				150926151CCB7BE100243434 /* FBSDKCoreKit.framework in Frameworks */,
				150926161CCB7BE100243434 /* FBSDKLoginKit.framework in Frameworks */,
				15A4354F1D1FBB2B00E378AD /* Kingfisher.framework in Frameworks */,
			);
			runOnlyForDeploymentPostprocessing = 0;
		};
		15EEB8D41CA80F0D006FB78C /* Frameworks */ = {
			isa = PBXFrameworksBuildPhase;
			buildActionMask = 2147483647;
			files = (
			);
			runOnlyForDeploymentPostprocessing = 0;
		};
		15EEB8DF1CA80F0D006FB78C /* Frameworks */ = {
			isa = PBXFrameworksBuildPhase;
			buildActionMask = 2147483647;
			files = (
			);
			runOnlyForDeploymentPostprocessing = 0;
		};
/* End PBXFrameworksBuildPhase section */

/* Begin PBXGroup section */
		07C12A01A34703A14F013712 /* Frameworks */ = {
			isa = PBXGroup;
			children = (
				15A4354E1D1FBB2B00E378AD /* Kingfisher.framework */,
				150926121CCB7BE100243434 /* FBSDKCoreKit.framework */,
				150926131CCB7BE100243434 /* FBSDKLoginKit.framework */,
				150926141CCB7BE100243434 /* FBSDKShareKit.framework */,
				E4A2E9DC5B23C000844199BB /* Pods_Saptamanalul.framework */,
				F97D5F4EE22600F64D402508 /* Pods_SaptamanalulTests.framework */,
				A77673BA6CD631D8D67766CD /* Pods_SaptamanalulUITests.framework */,
			);
			name = Frameworks;
			sourceTree = "<group>";
		};
		15EEB8BA1CA80F0D006FB78C = {
			isa = PBXGroup;
			children = (
				15EEB8C51CA80F0D006FB78C /* Saptamanalul */,
				15EEB8DA1CA80F0D006FB78C /* SaptamanalulTests */,
				15EEB8E51CA80F0D006FB78C /* SaptamanalulUITests */,
				15EEB8C41CA80F0D006FB78C /* Products */,
				AB293269194F6EADEC1DDD46 /* Pods */,
				07C12A01A34703A14F013712 /* Frameworks */,
			);
			sourceTree = "<group>";
		};
		15EEB8C41CA80F0D006FB78C /* Products */ = {
			isa = PBXGroup;
			children = (
				15EEB8C31CA80F0D006FB78C /* Saptamanalul.app */,
				15EEB8D71CA80F0D006FB78C /* SaptamanalulTests.xctest */,
				15EEB8E21CA80F0D006FB78C /* SaptamanalulUITests.xctest */,
			);
			name = Products;
			sourceTree = "<group>";
		};
		15EEB8C51CA80F0D006FB78C /* Saptamanalul */ = {
			isa = PBXGroup;
			children = (
				15CF155F1CEF61CC00511C69 /* Saptamanalul.entitlements */,
				15EEB8C61CA80F0D006FB78C /* AppDelegate.swift */,
				15EEB8C81CA80F0D006FB78C /* ViewController.swift */,
				15CAD8431CC8C8B900F84D66 /* DetailsViewController.swift */,
				150926101CCB6EFC00243434 /* LoginViewController.swift */,
				1586D1A41CF31ED20090DD44 /* AnunturiVC.swift */,
				15EEB8CA1CA80F0D006FB78C /* Main.storyboard */,
				15EEB8CD1CA80F0D006FB78C /* Assets.xcassets */,
				15EEB8CF1CA80F0D006FB78C /* LaunchScreen.storyboard */,
				15EEB8D21CA80F0D006FB78C /* Info.plist */,
				1541A4B71D2969B000C5F401 /* GoogleService-Info.plist */,
				150926181CCB885000243434 /* MaterialView.swift */,
				1509261A1CCB88DC00243434 /* Constants.swift */,
				1509261C1CCB8EB900243434 /* MaterialButton.swift */,
				1509261E1CCB978000243434 /* MaterialTextField.swift */,
				154FFCBF1CE5EE49004A50B4 /* MyCell.swift */,
				154FFCC01CE5EE49004A50B4 /* MyCell.xib */,
				1587E3E71CE6295600E8D355 /* PopoverVC.swift */,
				1581A4091D0D6EE40015B63D /* DetailsAnuntViewController.swift */,
				15FC564B1D1857E300040D25 /* Anunt.swift */,
				1541A4B31D1FE57A00C5F401 /* Post.swift */,
				1541A4B51D295DC500C5F401 /* AdminVC.swift */,
				159F280B1D452A2D00C9C19C /* Colors.swift */,
			);
			path = Saptamanalul;
			sourceTree = "<group>";
		};
		15EEB8DA1CA80F0D006FB78C /* SaptamanalulTests */ = {
			isa = PBXGroup;
			children = (
				15EEB8DB1CA80F0D006FB78C /* SaptamanalulTests.swift */,
				15EEB8DD1CA80F0D006FB78C /* Info.plist */,
			);
			path = SaptamanalulTests;
			sourceTree = "<group>";
		};
		15EEB8E51CA80F0D006FB78C /* SaptamanalulUITests */ = {
			isa = PBXGroup;
			children = (
				15EEB8E61CA80F0D006FB78C /* SaptamanalulUITests.swift */,
				15EEB8E81CA80F0D006FB78C /* Info.plist */,
			);
			path = SaptamanalulUITests;
			sourceTree = "<group>";
		};
		AB293269194F6EADEC1DDD46 /* Pods */ = {
			isa = PBXGroup;
			children = (
				565BD93C8A7411F6622865E4 /* Pods-Saptamanalul.debug.xcconfig */,
				18BBAFB55C430EC42B5F5F7F /* Pods-Saptamanalul.release.xcconfig */,
			);
			name = Pods;
			sourceTree = "<group>";
		};
/* End PBXGroup section */

/* Begin PBXNativeTarget section */
		15EEB8C21CA80F0D006FB78C /* Saptamanalul */ = {
			isa = PBXNativeTarget;
			buildConfigurationList = 15EEB8EB1CA80F0D006FB78C /* Build configuration list for PBXNativeTarget "Saptamanalul" */;
			buildPhases = (
				5244A12CD9222C526DCEE47F /* [CP] Check Pods Manifest.lock */,
				15EEB8BF1CA80F0D006FB78C /* Sources */,
				15EEB8C01CA80F0D006FB78C /* Frameworks */,
				15EEB8C11CA80F0D006FB78C /* Resources */,
				E69440142ADF48AC1F306433 /* [CP] Embed Pods Frameworks */,
				87B51F371268D875B057913C /* [CP] Copy Pods Resources */,
			);
			buildRules = (
			);
			dependencies = (
			);
			name = Saptamanalul;
			productName = Saptamanalul;
			productReference = 15EEB8C31CA80F0D006FB78C /* Saptamanalul.app */;
			productType = "com.apple.product-type.application";
		};
		15EEB8D61CA80F0D006FB78C /* SaptamanalulTests */ = {
			isa = PBXNativeTarget;
			buildConfigurationList = 15EEB8EE1CA80F0D006FB78C /* Build configuration list for PBXNativeTarget "SaptamanalulTests" */;
			buildPhases = (
				15EEB8D31CA80F0D006FB78C /* Sources */,
				15EEB8D41CA80F0D006FB78C /* Frameworks */,
				15EEB8D51CA80F0D006FB78C /* Resources */,
			);
			buildRules = (
			);
			dependencies = (
				15EEB8D91CA80F0D006FB78C /* PBXTargetDependency */,
			);
			name = SaptamanalulTests;
			productName = SaptamanalulTests;
			productReference = 15EEB8D71CA80F0D006FB78C /* SaptamanalulTests.xctest */;
			productType = "com.apple.product-type.bundle.unit-test";
		};
		15EEB8E11CA80F0D006FB78C /* SaptamanalulUITests */ = {
			isa = PBXNativeTarget;
			buildConfigurationList = 15EEB8F11CA80F0D006FB78C /* Build configuration list for PBXNativeTarget "SaptamanalulUITests" */;
			buildPhases = (
				15EEB8DE1CA80F0D006FB78C /* Sources */,
				15EEB8DF1CA80F0D006FB78C /* Frameworks */,
				15EEB8E01CA80F0D006FB78C /* Resources */,
			);
			buildRules = (
			);
			dependencies = (
				15EEB8E41CA80F0D006FB78C /* PBXTargetDependency */,
			);
			name = SaptamanalulUITests;
			productName = SaptamanalulUITests;
			productReference = 15EEB8E21CA80F0D006FB78C /* SaptamanalulUITests.xctest */;
			productType = "com.apple.product-type.bundle.ui-testing";
		};
/* End PBXNativeTarget section */

/* Begin PBXProject section */
		15EEB8BB1CA80F0D006FB78C /* Project object */ = {
			isa = PBXProject;
			attributes = {
				LastSwiftUpdateCheck = 0730;
				LastUpgradeCheck = 0730;
				ORGANIZATIONNAME = yakis;
				TargetAttributes = {
					15EEB8C21CA80F0D006FB78C = {
						CreatedOnToolsVersion = 7.3;
						DevelopmentTeam = 4WPNK427TB;
						SystemCapabilities = {
							com.apple.BackgroundModes = {
								enabled = 1;
							};
							com.apple.Push = {
								enabled = 1;
							};
							com.apple.iCloud = {
								enabled = 0;
							};
						};
					};
					15EEB8D61CA80F0D006FB78C = {
						CreatedOnToolsVersion = 7.3;
						DevelopmentTeam = 4WPNK427TB;
						TestTargetID = 15EEB8C21CA80F0D006FB78C;
					};
					15EEB8E11CA80F0D006FB78C = {
						CreatedOnToolsVersion = 7.3;
						DevelopmentTeam = 4WPNK427TB;
						TestTargetID = 15EEB8C21CA80F0D006FB78C;
					};
				};
			};
			buildConfigurationList = 15EEB8BE1CA80F0D006FB78C /* Build configuration list for PBXProject "Saptamanalul" */;
			compatibilityVersion = "Xcode 3.2";
			developmentRegion = English;
			hasScannedForEncodings = 0;
			knownRegions = (
				en,
				Base,
			);
			mainGroup = 15EEB8BA1CA80F0D006FB78C;
			productRefGroup = 15EEB8C41CA80F0D006FB78C /* Products */;
			projectDirPath = "";
			projectRoot = "";
			targets = (
				15EEB8C21CA80F0D006FB78C /* Saptamanalul */,
				15EEB8D61CA80F0D006FB78C /* SaptamanalulTests */,
				15EEB8E11CA80F0D006FB78C /* SaptamanalulUITests */,
			);
		};
/* End PBXProject section */

/* Begin PBXResourcesBuildPhase section */
		15EEB8C11CA80F0D006FB78C /* Resources */ = {
			isa = PBXResourcesBuildPhase;
			buildActionMask = 2147483647;
			files = (
				15EEB8D11CA80F0D006FB78C /* LaunchScreen.storyboard in Resources */,
				15EEB8CE1CA80F0D006FB78C /* Assets.xcassets in Resources */,
				1541A4B81D2969B000C5F401 /* GoogleService-Info.plist in Resources */,
				15EEB8CC1CA80F0D006FB78C /* Main.storyboard in Resources */,
				154FFCC21CE5EE49004A50B4 /* MyCell.xib in Resources */,
			);
			runOnlyForDeploymentPostprocessing = 0;
		};
		15EEB8D51CA80F0D006FB78C /* Resources */ = {
			isa = PBXResourcesBuildPhase;
			buildActionMask = 2147483647;
			files = (
			);
			runOnlyForDeploymentPostprocessing = 0;
		};
		15EEB8E01CA80F0D006FB78C /* Resources */ = {
			isa = PBXResourcesBuildPhase;
			buildActionMask = 2147483647;
			files = (
			);
			runOnlyForDeploymentPostprocessing = 0;
		};
/* End PBXResourcesBuildPhase section */

/* Begin PBXShellScriptBuildPhase section */
		5244A12CD9222C526DCEE47F /* [CP] Check Pods Manifest.lock */ = {
			isa = PBXShellScriptBuildPhase;
			buildActionMask = 2147483647;
			files = (
			);
			inputPaths = (
			);
			name = "[CP] Check Pods Manifest.lock";
			outputPaths = (
			);
			runOnlyForDeploymentPostprocessing = 0;
			shellPath = /bin/sh;
			shellScript = "diff \"${PODS_ROOT}/../Podfile.lock\" \"${PODS_ROOT}/Manifest.lock\" > /dev/null\nif [[ $? != 0 ]] ; then\n    cat << EOM\nerror: The sandbox is not in sync with the Podfile.lock. Run 'pod install' or update your CocoaPods installation.\nEOM\n    exit 1\nfi\n";
			showEnvVarsInLog = 0;
		};
		87B51F371268D875B057913C /* [CP] Copy Pods Resources */ = {
			isa = PBXShellScriptBuildPhase;
			buildActionMask = 2147483647;
			files = (
			);
			inputPaths = (
			);
			name = "[CP] Copy Pods Resources";
			outputPaths = (
			);
			runOnlyForDeploymentPostprocessing = 0;
			shellPath = /bin/sh;
			shellScript = "\"${SRCROOT}/Pods/Target Support Files/Pods-Saptamanalul/Pods-Saptamanalul-resources.sh\"\n";
			showEnvVarsInLog = 0;
		};
		E69440142ADF48AC1F306433 /* [CP] Embed Pods Frameworks */ = {
			isa = PBXShellScriptBuildPhase;
			buildActionMask = 2147483647;
			files = (
			);
			inputPaths = (
			);
			name = "[CP] Embed Pods Frameworks";
			outputPaths = (
			);
			runOnlyForDeploymentPostprocessing = 0;
			shellPath = /bin/sh;
			shellScript = "\"${SRCROOT}/Pods/Target Support Files/Pods-Saptamanalul/Pods-Saptamanalul-frameworks.sh\"\n";
			showEnvVarsInLog = 0;
		};
/* End PBXShellScriptBuildPhase section */

/* Begin PBXSourcesBuildPhase section */
		15EEB8BF1CA80F0D006FB78C /* Sources */ = {
			isa = PBXSourcesBuildPhase;
			buildActionMask = 2147483647;
			files = (
				1587E3E81CE6295600E8D355 /* PopoverVC.swift in Sources */,
				150926111CCB6EFC00243434 /* LoginViewController.swift in Sources */,
				1586D1A51CF31ED20090DD44 /* AnunturiVC.swift in Sources */,
				154FFCC11CE5EE49004A50B4 /* MyCell.swift in Sources */,
				1581A40A1D0D6EE40015B63D /* DetailsAnuntViewController.swift in Sources */,
				1541A4B41D1FE57A00C5F401 /* Post.swift in Sources */,
				1509261F1CCB978000243434 /* MaterialTextField.swift in Sources */,
				15FC564C1D1857E300040D25 /* Anunt.swift in Sources */,
				15EEB8C91CA80F0D006FB78C /* ViewController.swift in Sources */,
				159F280C1D452A2D00C9C19C /* Colors.swift in Sources */,
				15EEB8C71CA80F0D006FB78C /* AppDelegate.swift in Sources */,
				1541A4B61D295DC500C5F401 /* AdminVC.swift in Sources */,
				1509261D1CCB8EB900243434 /* MaterialButton.swift in Sources */,
				150926191CCB885000243434 /* MaterialView.swift in Sources */,
				15CAD8441CC8C8B900F84D66 /* DetailsViewController.swift in Sources */,
				1509261B1CCB88DC00243434 /* Constants.swift in Sources */,
			);
			runOnlyForDeploymentPostprocessing = 0;
		};
		15EEB8D31CA80F0D006FB78C /* Sources */ = {
			isa = PBXSourcesBuildPhase;
			buildActionMask = 2147483647;
			files = (
				15EEB8DC1CA80F0D006FB78C /* SaptamanalulTests.swift in Sources */,
			);
			runOnlyForDeploymentPostprocessing = 0;
		};
		15EEB8DE1CA80F0D006FB78C /* Sources */ = {
			isa = PBXSourcesBuildPhase;
			buildActionMask = 2147483647;
			files = (
				15EEB8E71CA80F0D006FB78C /* SaptamanalulUITests.swift in Sources */,
			);
			runOnlyForDeploymentPostprocessing = 0;
		};
/* End PBXSourcesBuildPhase section */

/* Begin PBXTargetDependency section */
		15EEB8D91CA80F0D006FB78C /* PBXTargetDependency */ = {
			isa = PBXTargetDependency;
			target = 15EEB8C21CA80F0D006FB78C /* Saptamanalul */;
			targetProxy = 15EEB8D81CA80F0D006FB78C /* PBXContainerItemProxy */;
		};
		15EEB8E41CA80F0D006FB78C /* PBXTargetDependency */ = {
			isa = PBXTargetDependency;
			target = 15EEB8C21CA80F0D006FB78C /* Saptamanalul */;
			targetProxy = 15EEB8E31CA80F0D006FB78C /* PBXContainerItemProxy */;
		};
/* End PBXTargetDependency section */

/* Begin PBXVariantGroup section */
		15EEB8CA1CA80F0D006FB78C /* Main.storyboard */ = {
			isa = PBXVariantGroup;
			children = (
				15EEB8CB1CA80F0D006FB78C /* Base */,
			);
			name = Main.storyboard;
			sourceTree = "<group>";
		};
		15EEB8CF1CA80F0D006FB78C /* LaunchScreen.storyboard */ = {
			isa = PBXVariantGroup;
			children = (
				15EEB8D01CA80F0D006FB78C /* Base */,
			);
			name = LaunchScreen.storyboard;
			sourceTree = "<group>";
		};
/* End PBXVariantGroup section */

/* Begin XCBuildConfiguration section */
		15EEB8E91CA80F0D006FB78C /* Debug */ = {
			isa = XCBuildConfiguration;
			buildSettings = {
				ALWAYS_SEARCH_USER_PATHS = NO;
				CLANG_ANALYZER_NONNULL = YES;
				CLANG_CXX_LANGUAGE_STANDARD = "gnu++0x";
				CLANG_CXX_LIBRARY = "libc++";
				CLANG_ENABLE_MODULES = YES;
				CLANG_ENABLE_OBJC_ARC = YES;
				CLANG_WARN_BOOL_CONVERSION = YES;
				CLANG_WARN_CONSTANT_CONVERSION = YES;
				CLANG_WARN_DIRECT_OBJC_ISA_USAGE = YES_ERROR;
				CLANG_WARN_EMPTY_BODY = YES;
				CLANG_WARN_ENUM_CONVERSION = YES;
				CLANG_WARN_INT_CONVERSION = YES;
				CLANG_WARN_OBJC_ROOT_CLASS = YES_ERROR;
				CLANG_WARN_UNREACHABLE_CODE = YES;
				CLANG_WARN__DUPLICATE_METHOD_MATCH = YES;
				"CODE_SIGN_IDENTITY[sdk=iphoneos*]" = "iPhone Developer";
				COPY_PHASE_STRIP = NO;
				DEBUG_INFORMATION_FORMAT = dwarf;
				ENABLE_STRICT_OBJC_MSGSEND = YES;
				ENABLE_TESTABILITY = YES;
				GCC_C_LANGUAGE_STANDARD = gnu99;
				GCC_DYNAMIC_NO_PIC = NO;
				GCC_NO_COMMON_BLOCKS = YES;
				GCC_OPTIMIZATION_LEVEL = 0;
				GCC_PREPROCESSOR_DEFINITIONS = (
					"DEBUG=1",
					"$(inherited)",
				);
				GCC_WARN_64_TO_32_BIT_CONVERSION = YES;
				GCC_WARN_ABOUT_RETURN_TYPE = YES_ERROR;
				GCC_WARN_UNDECLARED_SELECTOR = YES;
				GCC_WARN_UNINITIALIZED_AUTOS = YES_AGGRESSIVE;
				GCC_WARN_UNUSED_FUNCTION = YES;
				GCC_WARN_UNUSED_VARIABLE = YES;
				IPHONEOS_DEPLOYMENT_TARGET = 9.3;
				MTL_ENABLE_DEBUG_INFO = YES;
				ONLY_ACTIVE_ARCH = YES;
				SDKROOT = iphoneos;
				SWIFT_OPTIMIZATION_LEVEL = "-Onone";
				TARGETED_DEVICE_FAMILY = "1,2";
			};
			name = Debug;
		};
		15EEB8EA1CA80F0D006FB78C /* Release */ = {
			isa = XCBuildConfiguration;
			buildSettings = {
				ALWAYS_SEARCH_USER_PATHS = NO;
				CLANG_ANALYZER_NONNULL = YES;
				CLANG_CXX_LANGUAGE_STANDARD = "gnu++0x";
				CLANG_CXX_LIBRARY = "libc++";
				CLANG_ENABLE_MODULES = YES;
				CLANG_ENABLE_OBJC_ARC = YES;
				CLANG_WARN_BOOL_CONVERSION = YES;
				CLANG_WARN_CONSTANT_CONVERSION = YES;
				CLANG_WARN_DIRECT_OBJC_ISA_USAGE = YES_ERROR;
				CLANG_WARN_EMPTY_BODY = YES;
				CLANG_WARN_ENUM_CONVERSION = YES;
				CLANG_WARN_INT_CONVERSION = YES;
				CLANG_WARN_OBJC_ROOT_CLASS = YES_ERROR;
				CLANG_WARN_UNREACHABLE_CODE = YES;
				CLANG_WARN__DUPLICATE_METHOD_MATCH = YES;
				"CODE_SIGN_IDENTITY[sdk=iphoneos*]" = "iPhone Developer";
				COPY_PHASE_STRIP = NO;
				DEBUG_INFORMATION_FORMAT = "dwarf-with-dsym";
				ENABLE_NS_ASSERTIONS = NO;
				ENABLE_STRICT_OBJC_MSGSEND = YES;
				GCC_C_LANGUAGE_STANDARD = gnu99;
				GCC_NO_COMMON_BLOCKS = YES;
				GCC_WARN_64_TO_32_BIT_CONVERSION = YES;
				GCC_WARN_ABOUT_RETURN_TYPE = YES_ERROR;
				GCC_WARN_UNDECLARED_SELECTOR = YES;
				GCC_WARN_UNINITIALIZED_AUTOS = YES_AGGRESSIVE;
				GCC_WARN_UNUSED_FUNCTION = YES;
				GCC_WARN_UNUSED_VARIABLE = YES;
				IPHONEOS_DEPLOYMENT_TARGET = 9.3;
				MTL_ENABLE_DEBUG_INFO = NO;
				SDKROOT = iphoneos;
				TARGETED_DEVICE_FAMILY = "1,2";
				VALIDATE_PRODUCT = YES;
			};
			name = Release;
		};
		15EEB8EC1CA80F0D006FB78C /* Debug */ = {
			isa = XCBuildConfiguration;
			baseConfigurationReference = 565BD93C8A7411F6622865E4 /* Pods-Saptamanalul.debug.xcconfig */;
			buildSettings = {
				ASSETCATALOG_COMPILER_APPICON_NAME = AppIcon;
				CODE_SIGN_IDENTITY = "iPhone Developer";
				"CODE_SIGN_IDENTITY[sdk=iphoneos*]" = "iPhone Developer";
				FRAMEWORK_SEARCH_PATHS = (
					"$(inherited)",
					"$(PROJECT_DIR)",
				);
				INFOPLIST_FILE = Saptamanalul/Info.plist;
				IPHONEOS_DEPLOYMENT_TARGET = 9.0;
				LD_RUNPATH_SEARCH_PATHS = "$(inherited) @executable_path/Frameworks";
				PRODUCT_BUNDLE_IDENTIFIER = yakis.Saptamanalul;
				PRODUCT_NAME = "$(TARGET_NAME)";
				PROVISIONING_PROFILE = "1c0206a3-2734-4d2a-afa3-d30fe239c0e7";
			};
			name = Debug;
		};
		15EEB8ED1CA80F0D006FB78C /* Release */ = {
			isa = XCBuildConfiguration;
			baseConfigurationReference = 18BBAFB55C430EC42B5F5F7F /* Pods-Saptamanalul.release.xcconfig */;
			buildSettings = {
				ASSETCATALOG_COMPILER_APPICON_NAME = AppIcon;
				CODE_SIGN_IDENTITY = "iPhone Developer";
				"CODE_SIGN_IDENTITY[sdk=iphoneos*]" = "iPhone Developer";
				FRAMEWORK_SEARCH_PATHS = (
					"$(inherited)",
					"$(PROJECT_DIR)",
				);
				INFOPLIST_FILE = Saptamanalul/Info.plist;
				IPHONEOS_DEPLOYMENT_TARGET = 9.0;
				LD_RUNPATH_SEARCH_PATHS = "$(inherited) @executable_path/Frameworks";
				PRODUCT_BUNDLE_IDENTIFIER = yakis.Saptamanalul;
				PRODUCT_NAME = "$(TARGET_NAME)";
				PROVISIONING_PROFILE = "1c0206a3-2734-4d2a-afa3-d30fe239c0e7";
			};
			name = Release;
		};
		15EEB8EF1CA80F0D006FB78C /* Debug */ = {
			isa = XCBuildConfiguration;
			buildSettings = {
				BUNDLE_LOADER = "$(TEST_HOST)";
				INFOPLIST_FILE = SaptamanalulTests/Info.plist;
				LD_RUNPATH_SEARCH_PATHS = "$(inherited) @executable_path/Frameworks @loader_path/Frameworks";
				PRODUCT_BUNDLE_IDENTIFIER = yakis.home.SaptamanalulTests;
				PRODUCT_NAME = "$(TARGET_NAME)";
				TEST_HOST = "$(BUILT_PRODUCTS_DIR)/Saptamanalul.app/Saptamanalul";
			};
			name = Debug;
		};
		15EEB8F01CA80F0D006FB78C /* Release */ = {
			isa = XCBuildConfiguration;
			buildSettings = {
				BUNDLE_LOADER = "$(TEST_HOST)";
				INFOPLIST_FILE = SaptamanalulTests/Info.plist;
				LD_RUNPATH_SEARCH_PATHS = "$(inherited) @executable_path/Frameworks @loader_path/Frameworks";
				PRODUCT_BUNDLE_IDENTIFIER = yakis.home.SaptamanalulTests;
				PRODUCT_NAME = "$(TARGET_NAME)";
				TEST_HOST = "$(BUILT_PRODUCTS_DIR)/Saptamanalul.app/Saptamanalul";
			};
			name = Release;
		};
		15EEB8F21CA80F0D006FB78C /* Debug */ = {
			isa = XCBuildConfiguration;
			buildSettings = {
				"CODE_SIGN_ENTITLEMENTS[sdk=*]" = "";
				INFOPLIST_FILE = SaptamanalulUITests/Info.plist;
				LD_RUNPATH_SEARCH_PATHS = "$(inherited) @executable_path/Frameworks @loader_path/Frameworks";
				PRODUCT_BUNDLE_IDENTIFIER = yakis.home.SaptamanalulUITests;
				PRODUCT_NAME = "$(TARGET_NAME)";
				TEST_TARGET_NAME = Saptamanalul;
			};
			name = Debug;
		};
		15EEB8F31CA80F0D006FB78C /* Release */ = {
			isa = XCBuildConfiguration;
			buildSettings = {
				INFOPLIST_FILE = SaptamanalulUITests/Info.plist;
				LD_RUNPATH_SEARCH_PATHS = "$(inherited) @executable_path/Frameworks @loader_path/Frameworks";
				PRODUCT_BUNDLE_IDENTIFIER = yakis.home.SaptamanalulUITests;
				PRODUCT_NAME = "$(TARGET_NAME)";
				TEST_TARGET_NAME = Saptamanalul;
			};
			name = Release;
		};
/* End XCBuildConfiguration section */

/* Begin XCConfigurationList section */
		15EEB8BE1CA80F0D006FB78C /* Build configuration list for PBXProject "Saptamanalul" */ = {
			isa = XCConfigurationList;
			buildConfigurations = (
				15EEB8E91CA80F0D006FB78C /* Debug */,
				15EEB8EA1CA80F0D006FB78C /* Release */,
			);
			defaultConfigurationIsVisible = 0;
			defaultConfigurationName = Release;
		};
		15EEB8EB1CA80F0D006FB78C /* Build configuration list for PBXNativeTarget "Saptamanalul" */ = {
			isa = XCConfigurationList;
			buildConfigurations = (
				15EEB8EC1CA80F0D006FB78C /* Debug */,
				15EEB8ED1CA80F0D006FB78C /* Release */,
			);
			defaultConfigurationIsVisible = 0;
			defaultConfigurationName = Release;
		};
		15EEB8EE1CA80F0D006FB78C /* Build configuration list for PBXNativeTarget "SaptamanalulTests" */ = {
			isa = XCConfigurationList;
			buildConfigurations = (
				15EEB8EF1CA80F0D006FB78C /* Debug */,
				15EEB8F01CA80F0D006FB78C /* Release */,
			);
			defaultConfigurationIsVisible = 0;
			defaultConfigurationName = Release;
		};
		15EEB8F11CA80F0D006FB78C /* Build configuration list for PBXNativeTarget "SaptamanalulUITests" */ = {
			isa = XCConfigurationList;
			buildConfigurations = (
				15EEB8F21CA80F0D006FB78C /* Debug */,
				15EEB8F31CA80F0D006FB78C /* Release */,
			);
			defaultConfigurationIsVisible = 0;
			defaultConfigurationName = Release;
		};
/* End XCConfigurationList section */
	};
	rootObject = 15EEB8BB1CA80F0D006FB78C /* Project object */;
}
